
Microsoft Visual Studio Solution File, Format Version 12.00
Project("{FAE04EC0-301F-11D3-BF4B-00C04F79EFBC}") = "AlfieRichardsServer", "AlfieRichardsServer\AlfieRichardsServer.csproj", "{3615AD3A-0846-4CF4-95F5-81A126ECE6BE}"
EndProject
Global
	GlobalSection(SolutionConfigurationPlatforms) = preSolution
		Debug|Any CPU = Debug|Any CPU
		Release|Any CPU = Release|Any CPU
	EndGlobalSection
	GlobalSection(ProjectConfigurationPlatforms) = postSolution
		{3615AD3A-0846-4CF4-95F5-81A126ECE6BE}.Debug|Any CPU.ActiveCfg = Debug|Any CPU
		{3615AD3A-0846-4CF4-95F5-81A126ECE6BE}.Debug|Any CPU.Build.0 = Debug|Any CPU
		{3615AD3A-0846-4CF4-95F5-81A126ECE6BE}.Release|Any CPU.ActiveCfg = Release|Any CPU
		{3615AD3A-0846-4CF4-95F5-81A126ECE6BE}.Release|Any CPU.Build.0 = Release|Any CPU
	EndGlobalSection
EndGlobal
